
Microsoft Visual Studio Solution File, Format Version 12.00
# Visual Studio Version 17
VisualStudioVersion = 17.9.34728.123
MinimumVisualStudioVersion = 10.0.40219.1
Project("{9A19103F-16F7-4668-BE54-9A1E7A4F7556}") = "WebApi", "WebApi\WebApi.csproj", "{04576EB5-0864-4D5D-8400-C66929975997}"
EndProject
Project("{FAE04EC0-301F-11D3-BF4B-00C04F79EFBC}") = "Infrastructure", "Infrastructure\Infrastructure.csproj", "{78528577-5C8D-4754-B5C6-A286A737383A}"
EndProject
Global
	GlobalSection(SolutionConfigurationPlatforms) = preSolution
		Debug|Any CPU = Debug|Any CPU
		Release|Any CPU = Release|Any CPU
	EndGlobalSection
	GlobalSection(ProjectConfigurationPlatforms) = postSolution
		{04576EB5-0864-4D5D-8400-C66929975997}.Debug|Any CPU.ActiveCfg = Debug|Any CPU
		{04576EB5-0864-4D5D-8400-C66929975997}.Debug|Any CPU.Build.0 = Debug|Any CPU
		{04576EB5-0864-4D5D-8400-C66929975997}.Release|Any CPU.ActiveCfg = Release|Any CPU
		{04576EB5-0864-4D5D-8400-C66929975997}.Release|Any CPU.Build.0 = Release|Any CPU
		{78528577-5C8D-4754-B5C6-A286A737383A}.Debug|Any CPU.ActiveCfg = Debug|Any CPU
		{78528577-5C8D-4754-B5C6-A286A737383A}.Debug|Any CPU.Build.0 = Debug|Any CPU
		{78528577-5C8D-4754-B5C6-A286A737383A}.Release|Any CPU.ActiveCfg = Release|Any CPU
		{78528577-5C8D-4754-B5C6-A286A737383A}.Release|Any CPU.Build.0 = Release|Any CPU
	EndGlobalSection
	GlobalSection(SolutionProperties) = preSolution
		HideSolutionNode = FALSE
	EndGlobalSection
	GlobalSection(ExtensibilityGlobals) = postSolution
		SolutionGuid = {8FCDCCF8-B769-4F86-981C-5A665124E231}
	EndGlobalSection
EndGlobal
